// !$*UTF8*$!
{
	archiveVersion = 1;
	classes = {
	};
	objectVersion = 48;
	objects = {

/* Begin PBXBuildFile section */
		3319CC922002B1D0003578C2 /* TutorialPageViewController.swift in Sources */ = {isa = PBXBuildFile; fileRef = 3319CC912002B1D0003578C2 /* TutorialPageViewController.swift */; };
		33329DD61FB0C335002004D4 /* AppDelegate.swift in Sources */ = {isa = PBXBuildFile; fileRef = 33329DD51FB0C335002004D4 /* AppDelegate.swift */; };
		33329DD81FB0C335002004D4 /* TimedController.swift in Sources */ = {isa = PBXBuildFile; fileRef = 33329DD71FB0C335002004D4 /* TimedController.swift */; };
		33329DDB1FB0C335002004D4 /* Main.storyboard in Resources */ = {isa = PBXBuildFile; fileRef = 33329DD91FB0C335002004D4 /* Main.storyboard */; };
		33329DDD1FB0C335002004D4 /* Assets.xcassets in Resources */ = {isa = PBXBuildFile; fileRef = 33329DDC1FB0C335002004D4 /* Assets.xcassets */; };
		33329DE01FB0C335002004D4 /* LaunchScreen.storyboard in Resources */ = {isa = PBXBuildFile; fileRef = 33329DDE1FB0C335002004D4 /* LaunchScreen.storyboard */; };
		33BA0AA61FDC797E00786021 /* TimedLevelController.swift in Sources */ = {isa = PBXBuildFile; fileRef = 33BA0AA51FDC797E00786021 /* TimedLevelController.swift */; };
		33CBB1A41FFC5FAC00D53ECA /* TutorialController.swift in Sources */ = {isa = PBXBuildFile; fileRef = 33CBB1A31FFC5FAC00D53ECA /* TutorialController.swift */; };
		33EBE4E91FF1F9A2001D18AD /* MovesController.swift in Sources */ = {isa = PBXBuildFile; fileRef = 33EBE4E81FF1F9A2001D18AD /* MovesController.swift */; };
		33EBE4ED1FF20E34001D18AD /* MainController.swift in Sources */ = {isa = PBXBuildFile; fileRef = 33EBE4EC1FF20E34001D18AD /* MainController.swift */; };
/* End PBXBuildFile section */

/* Begin PBXFileReference section */
		3319CC912002B1D0003578C2 /* TutorialPageViewController.swift */ = {isa = PBXFileReference; lastKnownFileType = sourcecode.swift; path = TutorialPageViewController.swift; sourceTree = "<group>"; };
		33329DD21FB0C335002004D4 /* TileBreaker.app */ = {isa = PBXFileReference; explicitFileType = wrapper.application; includeInIndex = 0; path = TileBreaker.app; sourceTree = BUILT_PRODUCTS_DIR; };
		33329DD51FB0C335002004D4 /* AppDelegate.swift */ = {isa = PBXFileReference; lastKnownFileType = sourcecode.swift; path = AppDelegate.swift; sourceTree = "<group>"; };
		33329DD71FB0C335002004D4 /* TimedController.swift */ = {isa = PBXFileReference; lastKnownFileType = sourcecode.swift; path = TimedController.swift; sourceTree = "<group>"; };
		33329DDA1FB0C335002004D4 /* Base */ = {isa = PBXFileReference; lastKnownFileType = file.storyboard; name = Base; path = Base.lproj/Main.storyboard; sourceTree = "<group>"; };
		33329DDC1FB0C335002004D4 /* Assets.xcassets */ = {isa = PBXFileReference; lastKnownFileType = folder.assetcatalog; path = Assets.xcassets; sourceTree = "<group>"; };
		33329DDF1FB0C335002004D4 /* Base */ = {isa = PBXFileReference; lastKnownFileType = file.storyboard; name = Base; path = Base.lproj/LaunchScreen.storyboard; sourceTree = "<group>"; };
		33329DE11FB0C335002004D4 /* Info.plist */ = {isa = PBXFileReference; lastKnownFileType = text.plist.xml; path = Info.plist; sourceTree = "<group>"; };
		33BA0AA51FDC797E00786021 /* TimedLevelController.swift */ = {isa = PBXFileReference; lastKnownFileType = sourcecode.swift; path = TimedLevelController.swift; sourceTree = "<group>"; };
		33CBB1A31FFC5FAC00D53ECA /* TutorialController.swift */ = {isa = PBXFileReference; lastKnownFileType = sourcecode.swift; path = TutorialController.swift; sourceTree = "<group>"; };
		33EBE4E81FF1F9A2001D18AD /* MovesController.swift */ = {isa = PBXFileReference; lastKnownFileType = sourcecode.swift; path = MovesController.swift; sourceTree = "<group>"; };
		33EBE4EC1FF20E34001D18AD /* MainController.swift */ = {isa = PBXFileReference; lastKnownFileType = sourcecode.swift; path = MainController.swift; sourceTree = "<group>"; };
/* End PBXFileReference section */

/* Begin PBXFrameworksBuildPhase section */
		33329DCF1FB0C335002004D4 /* Frameworks */ = {
			isa = PBXFrameworksBuildPhase;
			buildActionMask = 2147483647;
			files = (
			);
			runOnlyForDeploymentPostprocessing = 0;
		};
/* End PBXFrameworksBuildPhase section */

/* Begin PBXGroup section */
		33329DC91FB0C334002004D4 = {
			isa = PBXGroup;
			children = (
				33329DD41FB0C335002004D4 /* TileBreaker */,
				33329DD31FB0C335002004D4 /* Products */,
			);
			sourceTree = "<group>";
		};
		33329DD31FB0C335002004D4 /* Products */ = {
			isa = PBXGroup;
			children = (
				33329DD21FB0C335002004D4 /* TileBreaker.app */,
			);
			name = Products;
			sourceTree = "<group>";
		};
		33329DD41FB0C335002004D4 /* TileBreaker */ = {
			isa = PBXGroup;
			children = (
				33329DD51FB0C335002004D4 /* AppDelegate.swift */,
				33329DD91FB0C335002004D4 /* Main.storyboard */,
				33329DDC1FB0C335002004D4 /* Assets.xcassets */,
				33329DDE1FB0C335002004D4 /* LaunchScreen.storyboard */,
				33329DE11FB0C335002004D4 /* Info.plist */,
				33329DD71FB0C335002004D4 /* TimedController.swift */,
				33BA0AA51FDC797E00786021 /* TimedLevelController.swift */,
				33EBE4E81FF1F9A2001D18AD /* MovesController.swift */,
				33EBE4EC1FF20E34001D18AD /* MainController.swift */,
				33CBB1A31FFC5FAC00D53ECA /* TutorialController.swift */,
				3319CC912002B1D0003578C2 /* TutorialPageViewController.swift */,
			);
			path = TileBreaker;
			sourceTree = "<group>";
		};
/* End PBXGroup section */

/* Begin PBXNativeTarget section */
		33329DD11FB0C335002004D4 /* TileBreaker */ = {
			isa = PBXNativeTarget;
			buildConfigurationList = 33329DE41FB0C335002004D4 /* Build configuration list for PBXNativeTarget "TileBreaker" */;
			buildPhases = (
				33329DCE1FB0C335002004D4 /* Sources */,
				33329DCF1FB0C335002004D4 /* Frameworks */,
				33329DD01FB0C335002004D4 /* Resources */,
			);
			buildRules = (
			);
			dependencies = (
			);
			name = TileBreaker;
			productName = cs4100;
			productReference = 33329DD21FB0C335002004D4 /* TileBreaker.app */;
			productType = "com.apple.product-type.application";
		};
/* End PBXNativeTarget section */

/* Begin PBXProject section */
		33329DCA1FB0C334002004D4 /* Project object */ = {
			isa = PBXProject;
			attributes = {
				LastSwiftUpdateCheck = 0910;
				LastUpgradeCheck = 0910;
				ORGANIZATIONNAME = ggr;
				TargetAttributes = {
					33329DD11FB0C335002004D4 = {
						CreatedOnToolsVersion = 9.1;
						ProvisioningStyle = Automatic;
					};
				};
			};
			buildConfigurationList = 33329DCD1FB0C334002004D4 /* Build configuration list for PBXProject "TileBreaker" */;
			compatibilityVersion = "Xcode 8.0";
			developmentRegion = en;
			hasScannedForEncodings = 0;
			knownRegions = (
				en,
				Base,
			);
			mainGroup = 33329DC91FB0C334002004D4;
			productRefGroup = 33329DD31FB0C335002004D4 /* Products */;
			projectDirPath = "";
			projectRoot = "";
			targets = (
				33329DD11FB0C335002004D4 /* TileBreaker */,
			);
		};
/* End PBXProject section */

/* Begin PBXResourcesBuildPhase section */
		33329DD01FB0C335002004D4 /* Resources */ = {
			isa = PBXResourcesBuildPhase;
			buildActionMask = 2147483647;
			files = (
				33329DE01FB0C335002004D4 /* LaunchScreen.storyboard in Resources */,
				33329DDD1FB0C335002004D4 /* Assets.xcassets in Resources */,
				33329DDB1FB0C335002004D4 /* Main.storyboard in Resources */,
			);
			runOnlyForDeploymentPostprocessing = 0;
		};
/* End PBXResourcesBuildPhase section */

/* Begin PBXSourcesBuildPhase section */
		33329DCE1FB0C335002004D4 /* Sources */ = {
			isa = PBXSourcesBuildPhase;
			buildActionMask = 2147483647;
			files = (
				33BA0AA61FDC797E00786021 /* TimedLevelController.swift in Sources */,
				33329DD81FB0C335002004D4 /* TimedController.swift in Sources */,
				3319CC922002B1D0003578C2 /* TutorialPageViewController.swift in Sources */,
				33EBE4E91FF1F9A2001D18AD /* MovesController.swift in Sources */,
				33329DD61FB0C335002004D4 /* AppDelegate.swift in Sources */,
				33EBE4ED1FF20E34001D18AD /* MainController.swift in Sources */,
				33CBB1A41FFC5FAC00D53ECA /* TutorialController.swift in Sources */,
			);
			runOnlyForDeploymentPostprocessing = 0;
		};
/* End PBXSourcesBuildPhase section */

/* Begin PBXVariantGroup section */
		33329DD91FB0C335002004D4 /* Main.storyboard */ = {
			isa = PBXVariantGroup;
			children = (
				33329DDA1FB0C335002004D4 /* Base */,
			);
			name = Main.storyboard;
			sourceTree = "<group>";
		};
		33329DDE1FB0C335002004D4 /* LaunchScreen.storyboard */ = {
			isa = PBXVariantGroup;
			children = (
				33329DDF1FB0C335002004D4 /* Base */,
			);
			name = LaunchScreen.storyboard;
			sourceTree = "<group>";
		};
/* End PBXVariantGroup section */

/* Begin XCBuildConfiguration section */
		33329DE21FB0C335002004D4 /* Debug */ = {
			isa = XCBuildConfiguration;
			buildSettings = {
				ALWAYS_SEARCH_USER_PATHS = NO;
				CLANG_ANALYZER_NONNULL = YES;
				CLANG_ANALYZER_NUMBER_OBJECT_CONVERSION = YES_AGGRESSIVE;
				CLANG_CXX_LANGUAGE_STANDARD = "gnu++14";
				CLANG_CXX_LIBRARY = "libc++";
				CLANG_ENABLE_MODULES = YES;
				CLANG_ENABLE_OBJC_ARC = YES;
				CLANG_WARN_BLOCK_CAPTURE_AUTORELEASING = YES;
				CLANG_WARN_BOOL_CONVERSION = YES;
				CLANG_WARN_COMMA = YES;
				CLANG_WARN_CONSTANT_CONVERSION = YES;
				CLANG_WARN_DIRECT_OBJC_ISA_USAGE = YES_ERROR;
				CLANG_WARN_DOCUMENTATION_COMMENTS = YES;
				CLANG_WARN_EMPTY_BODY = YES;
				CLANG_WARN_ENUM_CONVERSION = YES;
				CLANG_WARN_INFINITE_RECURSION = YES;
				CLANG_WARN_INT_CONVERSION = YES;
				CLANG_WARN_NON_LITERAL_NULL_CONVERSION = YES;
				CLANG_WARN_OBJC_LITERAL_CONVERSION = YES;
				CLANG_WARN_OBJC_ROOT_CLASS = YES_ERROR;
				CLANG_WARN_RANGE_LOOP_ANALYSIS = YES;
				CLANG_WARN_STRICT_PROTOTYPES = YES;
				CLANG_WARN_SUSPICIOUS_MOVE = YES;
				CLANG_WARN_UNGUARDED_AVAILABILITY = YES_AGGRESSIVE;
				CLANG_WARN_UNREACHABLE_CODE = YES;
				CLANG_WARN__DUPLICATE_METHOD_MATCH = YES;
				CODE_SIGN_IDENTITY = "iPhone Developer";
				COPY_PHASE_STRIP = NO;
				DEBUG_INFORMATION_FORMAT = dwarf;
				DEVELOPMENT_TEAM = X933R25UP9;
				ENABLE_STRICT_OBJC_MSGSEND = YES;
				ENABLE_TESTABILITY = YES;
				GCC_C_LANGUAGE_STANDARD = gnu11;
				GCC_DYNAMIC_NO_PIC = NO;
				GCC_NO_COMMON_BLOCKS = YES;
				GCC_OPTIMIZATION_LEVEL = 0;
				GCC_PREPROCESSOR_DEFINITIONS = (
					"DEBUG=1",
					"$(inherited)",
				);
				GCC_WARN_64_TO_32_BIT_CONVERSION = YES;
				GCC_WARN_ABOUT_RETURN_TYPE = YES_ERROR;
				GCC_WARN_UNDECLARED_SELECTOR = YES;
				GCC_WARN_UNINITIALIZED_AUTOS = YES_AGGRESSIVE;
				GCC_WARN_UNUSED_FUNCTION = YES;
				GCC_WARN_UNUSED_VARIABLE = YES;
				IPHONEOS_DEPLOYMENT_TARGET = 11.1;
				MTL_ENABLE_DEBUG_INFO = YES;
				ONLY_ACTIVE_ARCH = YES;
				SDKROOT = iphoneos;
				SWIFT_ACTIVE_COMPILATION_CONDITIONS = DEBUG;
				SWIFT_OPTIMIZATION_LEVEL = "-Onone";
			};
			name = Debug;
		};
		33329DE31FB0C335002004D4 /* Release */ = {
			isa = XCBuildConfiguration;
			buildSettings = {
				ALWAYS_SEARCH_USER_PATHS = NO;
				CLANG_ANALYZER_NONNULL = YES;
				CLANG_ANALYZER_NUMBER_OBJECT_CONVERSION = YES_AGGRESSIVE;
				CLANG_CXX_LANGUAGE_STANDARD = "gnu++14";
				CLANG_CXX_LIBRARY = "libc++";
				CLANG_ENABLE_MODULES = YES;
				CLANG_ENABLE_OBJC_ARC = YES;
				CLANG_WARN_BLOCK_CAPTURE_AUTORELEASING = YES;
				CLANG_WARN_BOOL_CONVERSION = YES;
				CLANG_WARN_COMMA = YES;
				CLANG_WARN_CONSTANT_CONVERSION = YES;
				CLANG_WARN_DIRECT_OBJC_ISA_USAGE = YES_ERROR;
				CLANG_WARN_DOCUMENTATION_COMMENTS = YES;
				CLANG_WARN_EMPTY_BODY = YES;
				CLANG_WARN_ENUM_CONVERSION = YES;
				CLANG_WARN_INFINITE_RECURSION = YES;
				CLANG_WARN_INT_CONVERSION = YES;
				CLANG_WARN_NON_LITERAL_NULL_CONVERSION = YES;
				CLANG_WARN_OBJC_LITERAL_CONVERSION = YES;
				CLANG_WARN_OBJC_ROOT_CLASS = YES_ERROR;
				CLANG_WARN_RANGE_LOOP_ANALYSIS = YES;
				CLANG_WARN_STRICT_PROTOTYPES = YES;
				CLANG_WARN_SUSPICIOUS_MOVE = YES;
				CLANG_WARN_UNGUARDED_AVAILABILITY = YES_AGGRESSIVE;
				CLANG_WARN_UNREACHABLE_CODE = YES;
				CLANG_WARN__DUPLICATE_METHOD_MATCH = YES;
				CODE_SIGN_IDENTITY = "iPhone Developer";
				COPY_PHASE_STRIP = NO;
				DEBUG_INFORMATION_FORMAT = "dwarf-with-dsym";
				DEVELOPMENT_TEAM = X933R25UP9;
				ENABLE_NS_ASSERTIONS = NO;
				ENABLE_STRICT_OBJC_MSGSEND = YES;
				GCC_C_LANGUAGE_STANDARD = gnu11;
				GCC_NO_COMMON_BLOCKS = YES;
				GCC_WARN_64_TO_32_BIT_CONVERSION = YES;
				GCC_WARN_ABOUT_RETURN_TYPE = YES_ERROR;
				GCC_WARN_UNDECLARED_SELECTOR = YES;
				GCC_WARN_UNINITIALIZED_AUTOS = YES_AGGRESSIVE;
				GCC_WARN_UNUSED_FUNCTION = YES;
				GCC_WARN_UNUSED_VARIABLE = YES;
				IPHONEOS_DEPLOYMENT_TARGET = 11.1;
				MTL_ENABLE_DEBUG_INFO = NO;
				ONLY_ACTIVE_ARCH = YES;
				SDKROOT = iphoneos;
				SWIFT_OPTIMIZATION_LEVEL = "-Owholemodule";
				VALIDATE_PRODUCT = YES;
			};
			name = Release;
		};
		33329DE51FB0C335002004D4 /* Debug */ = {
			isa = XCBuildConfiguration;
			buildSettings = {
				ASSETCATALOG_COMPILER_APPICON_NAME = AppIcon;
				CODE_SIGN_STYLE = Automatic;
				DEVELOPMENT_TEAM = X933R25UP9;
				INFOPLIST_FILE = TileBreaker/Info.plist;
				LD_RUNPATH_SEARCH_PATHS = "$(inherited) @executable_path/Frameworks";
				PRODUCT_BUNDLE_IDENTIFIER = ggr.TileBreaker;
				PRODUCT_NAME = "$(TARGET_NAME)";
				SDKROOT = iphoneos;
				SUPPORTED_PLATFORMS = "iphonesimulator iphoneos";
				SWIFT_VERSION = 4.0;
				TARGETED_DEVICE_FAMILY = "1,2";
			};
			name = Debug;
		};
		33329DE61FB0C335002004D4 /* Release */ = {
			isa = XCBuildConfiguration;
			buildSettings = {
				ASSETCATALOG_COMPILER_APPICON_NAME = AppIcon;
				CODE_SIGN_STYLE = Automatic;
				DEVELOPMENT_TEAM = X933R25UP9;
				INFOPLIST_FILE = TileBreaker/Info.plist;
				LD_RUNPATH_SEARCH_PATHS = "$(inherited) @executable_path/Frameworks";
				PRODUCT_BUNDLE_IDENTIFIER = ggr.TileBreaker;
				PRODUCT_NAME = "$(TARGET_NAME)";
				SDKROOT = iphoneos;
				SUPPORTED_PLATFORMS = "iphonesimulator iphoneos";
				SWIFT_VERSION = 4.0;
				TARGETED_DEVICE_FAMILY = "1,2";
			};
			name = Release;
		};
/* End XCBuildConfiguration section */

/* Begin XCConfigurationList section */
		33329DCD1FB0C334002004D4 /* Build configuration list for PBXProject "TileBreaker" */ = {
			isa = XCConfigurationList;
			buildConfigurations = (
				33329DE21FB0C335002004D4 /* Debug */,
				33329DE31FB0C335002004D4 /* Release */,
			);
			defaultConfigurationIsVisible = 0;
			defaultConfigurationName = Release;
		};
		33329DE41FB0C335002004D4 /* Build configuration list for PBXNativeTarget "TileBreaker" */ = {
			isa = XCConfigurationList;
			buildConfigurations = (
				33329DE51FB0C335002004D4 /* Debug */,
				33329DE61FB0C335002004D4 /* Release */,
			);
			defaultConfigurationIsVisible = 0;
			defaultConfigurationName = Release;
		};
/* End XCConfigurationList section */
	};
	rootObject = 33329DCA1FB0C334002004D4 /* Project object */;
}
